# This file is automatically @generated by Cargo.
# It is not intended for manual editing.
version = 4

[[package]]
name = "aes"
version = "0.9.0-rc.4"
dependencies = [
 "cipher",
 "cpubits",
 "cpufeatures",
 "hex-literal",
 "zeroize",
]

[[package]]
name = "blobby"
version = "0.4.0"
source = "registry+https://github.com/rust-lang/crates.io-index"
checksum = "89af0b093cc13baa4e51e64e65ec2422f7e73aea0e612e5ad3872986671622f1"

[[package]]
name = "cipher"
version = "0.5.0-rc.8"
source = "registry+https://github.com/rust-lang/crates.io-index"
checksum = "9002c8edb9b1e21938663da3489c9c4403bba2393997fb2ecbd401386c0e71dc"
dependencies = [
 "blobby",
 "crypto-common",
 "inout",
]

[[package]]
name = "cpubits"
version = "0.1.0-rc.3"
source = "registry+https://github.com/rust-lang/crates.io-index"
checksum = "11a8c0210fa48ba3ea04ac1e9c6e72ae66009db3b1f1745635d4ff2e58eaadd0"

[[package]]
name = "cpufeatures"
version = "0.2.17"
source = "registry+https://github.com/rust-lang/crates.io-index"
checksum = "59ed5838eebb26a2bb2e58f6d5b5316989ae9d08bab10e0e6d103e656d1b0280"
dependencies = [
 "libc",
]

[[package]]
name = "crypto-common"
version = "0.2.0-rc.15"
source = "registry+https://github.com/rust-lang/crates.io-index"
checksum = "6f8441110cea75afde0b89a8d796e2bc67b23432f5a9566cb15d9d365d91a2b0"
dependencies = [
 "hybrid-array",
]

[[package]]
name = "hex-literal"
version = "1.0.0"
source = "registry+https://github.com/rust-lang/crates.io-index"
checksum = "bcaaec4551594c969335c98c903c1397853d4198408ea609190f420500f6be71"

[[package]]
name = "hybrid-array"
version = "0.4.0"
source = "registry+https://github.com/rust-lang/crates.io-index"
checksum = "6fe39a812f039072707ce38020acbab2f769087952eddd9e2b890f37654b2349"
dependencies = [
 "typenum",
]

[[package]]
name = "inout"
version = "0.2.2"
source = "registry+https://github.com/rust-lang/crates.io-index"
checksum = "4250ce6452e92010fdf7268ccc5d14faa80bb12fc741938534c58f16804e03c7"
dependencies = [
 "hybrid-array",
]

[[package]]
name = "libc"
version = "0.2.175"
source = "registry+https://github.com/rust-lang/crates.io-index"
checksum = "6a82ae493e598baaea5209805c49bbf2ea7de956d50d7da0da1164f9c6d28543"

[[package]]
name = "typenum"
version = "1.18.0"
source = "registry+https://github.com/rust-lang/crates.io-index"
checksum = "1dccffe3ce07af9386bfd29e80c0ab1a8205a2fc34e4bcd40364df902cfa8f3f"

[[package]]
name = "zeroize"
version = "1.8.1"
source = "registry+https://github.com/rust-lang/crates.io-index"
checksum = "ced3678a2879b30306d323f4542626697a464a97c0a07c9aebf7ebca65cd4dde"
